<?xml version="1.0" encoding="utf-8"?>
<Project ToolsVersion="4.0" xmlns="http://schemas.microsoft.com/developer/msbuild/2003">
  <ItemGroup>
    <Filter Include="Source Files">
      <UniqueIdentifier>{4FC737F1-C7A5-4376-A066-2A32D752A2FF}</UniqueIdentifier>
      <Extensions>cpp;c;cc;cxx;def;odl;idl;hpj;bat;asm;asmx</Extensions>
    </Filter>
    <Filter Include="Header Files">
      <UniqueIdentifier>{93995380-89BD-4b04-88EB-625FBE52EBFB}</UniqueIdentifier>
      <Extensions>h;hpp;hxx;hm;inl;inc;xsd</Extensions>
    </Filter>
    <Filter Include="Resource Files">
      <UniqueIdentifier>{67DA6AB6-F800-4c08-8B7A-83BB121AAD01}</UniqueIdentifier>
      <Extensions>rc;ico;cur;bmp;dlg;rc2;rct;bin;rgs;gif;jpg;jpeg;jpe;resx;tiff;tif;png;wav;mfcribbon-ms</Extensions>
    </Filter>
    <Filter Include="common">
      <UniqueIdentifier>{23c898f8-879b-4de4-ac9a-dfbbaed62377}</UniqueIdentifier>
    </Filter>
  </ItemGroup>
  <ItemGroup>
    <ClCompile Include="DOPPEngine.cpp">
      <Filter>Source Files</Filter>
    </ClCompile>
    <ClCompile Include="DOPPEngineDlg.cpp">
      <Filter>Source Files</Filter>
    </ClCompile>
    <ClCompile Include="GLDOPPColorInvert.cpp">
      <Filter>Source Files</Filter>
    </ClCompile>
    <ClCompile Include="GLDOPPDistort.cpp">
      <Filter>Source Files</Filter>
    </ClCompile>
    <ClCompile Include="GLDOPPEdgeFilter.cpp">
      <Filter>Source Files</Filter>
    </ClCompile>
    <ClCompile Include="GLDOPPEngine.cpp">
      <Filter>Source Files</Filter>
    </ClCompile>
    <ClCompile Include="GLShader.cpp">
      <Filter>Source Files</Filter>
    </ClCompile>
    <ClCompile Include="stdafx.cpp">
      <Filter>Source Files</Filter>
    </ClCompile>
    <ClCompile Include="..\..\common\DisplayManager.cpp">
      <Filter>common</Filter>
    </ClCompile>
    <ClCompile Include="..\..\common\GLWindow.cpp">
      <Filter>common</Filter>
    </ClCompile>
    <ClCompile Include="DOPPRotationDlg.cpp">
      <Filter>Source Files</Filter>
    </ClCompile>
    <ClCompile Include="GLDOPPRotate.cpp">
      <Filter>Source Files</Filter>
    </ClCompile>
  </ItemGroup>
  <ItemGroup>
    <ClInclude Include="DOPPEngine.h">
      <Filter>Header Files</Filter>
    </ClInclude>
    <ClInclude Include="DOPPEngineDlg.h">
      <Filter>Header Files</Filter>
    </ClInclude>
    <ClInclude Include="GLDOPPColorInvert.h">
      <Filter>Header Files</Filter>
    </ClInclude>
    <ClInclude Include="GLDOPPDistort.h">
      <Filter>Header Files</Filter>
    </ClInclude>
    <ClInclude Include="GLDOPPEdgeFilter.h">
      <Filter>Header Files</Filter>
    </ClInclude>
    <ClInclude Include="GLDOPPEngine.h">
      <Filter>Header Files</Filter>
    </ClInclude>
    <ClInclude Include="GLShader.h">
      <Filter>Header Files</Filter>
    </ClInclude>
    <ClInclude Include="resource.h">
      <Filter>Header Files</Filter>
    </ClInclude>
    <ClInclude Include="stdafx.h">
      <Filter>Header Files</Filter>
    </ClInclude>
    <ClInclude Include="targetver.h">
      <Filter>Header Files</Filter>
    </ClInclude>
    <ClInclude Include="..\..\common\DisplayManager.h">
      <Filter>common</Filter>
    </ClInclude>
    <ClInclude Include="..\..\common\GLWindow.hpp">
      <Filter>common</Filter>
    </ClInclude>
    <ClInclude Include="..\..\common\os_include.hpp">
      <Filter>common</Filter>
    </ClInclude>
    <ClInclude Include="DOPPRotationDlg.h">
      <Filter>Header Files</Filter>
    </ClInclude>
    <ClInclude Include="GLDOPPRotate.h">
      <Filter>Header Files</Filter>
    </ClInclude>
  </ItemGroup>
  <ItemGroup>
    <ResourceCompile Include="DOPPEngine.rc">
      <Filter>Resource Files</Filter>
    </ResourceCompile>
  </ItemGroup>
  <ItemGroup>
    <None Include="res\AMDIcon.ico">
      <Filter>Resource Files</Filter>
    </None>
  </ItemGroup>
</Project>